
Microsoft Visual Studio Solution File, Format Version 12.00
# Visual Studio Version 17
VisualStudioVersion = 17.7.34221.43
MinimumVisualStudioVersion = 10.0.40219.1
Project("{8BC9CEB8-8B4A-11D0-8D11-00A0C91BC942}") = "SFML", "SFML\SFML.vcxproj", "{F6E5DDA7-B4D5-4F90-A42A-2C4AB4F11D92}"
EndProject
Global
	GlobalSection(SolutionConfigurationPlatforms) = preSolution
		Debug|x64 = Debug|x64
		Debug|x86 = Debug|x86
		Release|x64 = Release|x64
		Release|x86 = Release|x86
	EndGlobalSection
	GlobalSection(ProjectConfigurationPlatforms) = postSolution
		{F6E5DDA7-B4D5-4F90-A42A-2C4AB4F11D92}.Debug|x64.ActiveCfg = Debug|x64
		{F6E5DDA7-B4D5-4F90-A42A-2C4AB4F11D92}.Debug|x64.Build.0 = Debug|x64
		{F6E5DDA7-B4D5-4F90-A42A-2C4AB4F11D92}.Debug|x86.ActiveCfg = Debug|Win32
		{F6E5DDA7-B4D5-4F90-A42A-2C4AB4F11D92}.Debug|x86.Build.0 = Debug|Win32
		{F6E5DDA7-B4D5-4F90-A42A-2C4AB4F11D92}.Release|x64.ActiveCfg = Release|x64
		{F6E5DDA7-B4D5-4F90-A42A-2C4AB4F11D92}.Release|x64.Build.0 = Release|x64
		{F6E5DDA7-B4D5-4F90-A42A-2C4AB4F11D92}.Release|x86.ActiveCfg = Release|Win32
		{F6E5DDA7-B4D5-4F90-A42A-2C4AB4F11D92}.Release|x86.Build.0 = Release|Win32
	EndGlobalSection
	GlobalSection(SolutionProperties) = preSolution
		HideSolutionNode = FALSE
	EndGlobalSection
	GlobalSection(ExtensibilityGlobals) = postSolution
		SolutionGuid = {B1618150-1538-469E-B1BA-C7B0EC016019}
	EndGlobalSection
EndGlobal
